
Microsoft Visual Studio Solution File, Format Version 12.00
# Visual Studio 14
VisualStudioVersion = 14.0.25420.1
MinimumVisualStudioVersion = 10.0.40219.1
Project("{FAE04EC0-301F-11D3-BF4B-00C04F79EFBC}") = "YUHU1-WEB", "YUHU1-WEB\YUHU1-WEB.csproj", "{DCA9A5F3-0693-4743-8049-41A33681814B}"
EndProject
Project("{FAE04EC0-301F-11D3-BF4B-00C04F79EFBC}") = "YUHU1.Tests", "YUHU1.Tests\YUHU1.Tests.csproj", "{1D2CC5F4-E94E-4427-818D-05ED1D592B17}"
EndProject
Project("{FAE04EC0-301F-11D3-BF4B-00C04F79EFBC}") = "YUHU1.DAL", "YUHU1.DAL\YUHU1.DAL.csproj", "{C9F43D15-1109-4365-B235-44F1FD6B25FA}"
EndProject
Project("{FAE04EC0-301F-11D3-BF4B-00C04F79EFBC}") = "YUHU1.BLL", "YUHU1.BLL\YUHU1.BLL.csproj", "{D9B30ECF-AA95-40FD-BEA0-1BB862CE559A}"
EndProject
Project("{FAE04EC0-301F-11D3-BF4B-00C04F79EFBC}") = "YUHU1.DataHelpers", "YUHU1.DataHelpers\YUHU1.DataHelpers.csproj", "{EDB76B0B-6889-477A-9539-11FA5A2E45AB}"
EndProject
Global
	GlobalSection(SolutionConfigurationPlatforms) = preSolution
		Debug|Any CPU = Debug|Any CPU
		Release|Any CPU = Release|Any CPU
	EndGlobalSection
	GlobalSection(ProjectConfigurationPlatforms) = postSolution
		{DCA9A5F3-0693-4743-8049-41A33681814B}.Debug|Any CPU.ActiveCfg = Debug|Any CPU
		{DCA9A5F3-0693-4743-8049-41A33681814B}.Debug|Any CPU.Build.0 = Debug|Any CPU
		{DCA9A5F3-0693-4743-8049-41A33681814B}.Release|Any CPU.ActiveCfg = Release|Any CPU
		{DCA9A5F3-0693-4743-8049-41A33681814B}.Release|Any CPU.Build.0 = Release|Any CPU
		{1D2CC5F4-E94E-4427-818D-05ED1D592B17}.Debug|Any CPU.ActiveCfg = Debug|Any CPU
		{1D2CC5F4-E94E-4427-818D-05ED1D592B17}.Debug|Any CPU.Build.0 = Debug|Any CPU
		{1D2CC5F4-E94E-4427-818D-05ED1D592B17}.Release|Any CPU.ActiveCfg = Release|Any CPU
		{1D2CC5F4-E94E-4427-818D-05ED1D592B17}.Release|Any CPU.Build.0 = Release|Any CPU
		{C9F43D15-1109-4365-B235-44F1FD6B25FA}.Debug|Any CPU.ActiveCfg = Debug|Any CPU
		{C9F43D15-1109-4365-B235-44F1FD6B25FA}.Debug|Any CPU.Build.0 = Debug|Any CPU
		{C9F43D15-1109-4365-B235-44F1FD6B25FA}.Release|Any CPU.ActiveCfg = Release|Any CPU
		{C9F43D15-1109-4365-B235-44F1FD6B25FA}.Release|Any CPU.Build.0 = Release|Any CPU
		{D9B30ECF-AA95-40FD-BEA0-1BB862CE559A}.Debug|Any CPU.ActiveCfg = Debug|Any CPU
		{D9B30ECF-AA95-40FD-BEA0-1BB862CE559A}.Debug|Any CPU.Build.0 = Debug|Any CPU
		{D9B30ECF-AA95-40FD-BEA0-1BB862CE559A}.Release|Any CPU.ActiveCfg = Release|Any CPU
		{D9B30ECF-AA95-40FD-BEA0-1BB862CE559A}.Release|Any CPU.Build.0 = Release|Any CPU
		{EDB76B0B-6889-477A-9539-11FA5A2E45AB}.Debug|Any CPU.ActiveCfg = Debug|Any CPU
		{EDB76B0B-6889-477A-9539-11FA5A2E45AB}.Debug|Any CPU.Build.0 = Debug|Any CPU
		{EDB76B0B-6889-477A-9539-11FA5A2E45AB}.Release|Any CPU.ActiveCfg = Release|Any CPU
		{EDB76B0B-6889-477A-9539-11FA5A2E45AB}.Release|Any CPU.Build.0 = Release|Any CPU
	EndGlobalSection
	GlobalSection(SolutionProperties) = preSolution
		HideSolutionNode = FALSE
	EndGlobalSection
EndGlobal
